
Microsoft Visual Studio Solution File, Format Version 12.00
# Visual Studio Version 16
VisualStudioVersion = 16.0.33801.447
MinimumVisualStudioVersion = 10.0.40219.1
Project("{888888A0-9F3D-457C-B088-3A5042F75D52}") = "FlaskWebProject666", "FlaskWebProject666\FlaskWebProject666.pyproj", "{3D702B10-8364-4A41-8DC7-FEE877BBDE97}"
EndProject
Global
	GlobalSection(SolutionConfigurationPlatforms) = preSolution
		Debug|Any CPU = Debug|Any CPU
		Release|Any CPU = Release|Any CPU
	EndGlobalSection
	GlobalSection(ProjectConfigurationPlatforms) = postSolution
		{3D702B10-8364-4A41-8DC7-FEE877BBDE97}.Debug|Any CPU.ActiveCfg = Debug|Any CPU
		{3D702B10-8364-4A41-8DC7-FEE877BBDE97}.Debug|Any CPU.Build.0 = Debug|Any CPU
		{3D702B10-8364-4A41-8DC7-FEE877BBDE97}.Release|Any CPU.ActiveCfg = Release|Any CPU
		{3D702B10-8364-4A41-8DC7-FEE877BBDE97}.Release|Any CPU.Build.0 = Release|Any CPU
	EndGlobalSection
	GlobalSection(SolutionProperties) = preSolution
		HideSolutionNode = FALSE
	EndGlobalSection
	GlobalSection(ExtensibilityGlobals) = postSolution
		SolutionGuid = {13FB7E65-BF15-495D-ADB9-BB1BF098FCAC}
	EndGlobalSection
EndGlobal
